github.com/DHowett/go-plist v0.0.0-20170330020707-795cf23fd27f h1:yJulHCeLx1Qdyjm3hP13NaTFXSZCeVsMiCOe9QLzKPQ=
github.com/DHowett/go-plist v0.0.0-20170330020707-795cf23fd27f/go.mod h1:5paT5ZDrOm8eAJPem2Bd+q3FTi3Gxm/U4tb2tH8YIUQ=
github.com/codeskyblue/muuid v0.0.0-20170401091614-44f8dfd4b3a9 h1:L+/ev3zedPI0OQETJIvRVpqERFmC5Rr2/sbn8Z3ow3E=
github.com/codeskyblue/muuid v0.0.0-20170401091614-44f8dfd4b3a9/go.mod h1:avmZk//pvYn/VjXjOofqjyNR8yyYdAEVi6A5m2O4f2A=
github.com/davecgh/go-spew v1.1.1/go.mod h1:J7Y8YcW2NihsgmVo/mv3lAwl/skON4iLHjSsI+c5H38=
github.com/facebookgo/freeport v0.0.0-20150612182905-d4adf43b75b9 h1:wWke/RUCl7VRjQhwPlR/v0glZXNYzBHdNUzf/Am2Nmg=
github.com/facebookgo/freeport v0.0.0-20150612182905-d4adf43b75b9/go.mod h1:uPmAp6Sws4L7+Q/OokbWDAK1ibXYhB3PXFP1kol5hPg=
github.com/gobuild/log v1.0.0 h1:eD3MUwVVVskGvennwXKmAUqjNS2nhOoJnc9F3tS6fRg=
github.com/gobuild/log v1.0.0/go.mod h1:h0ZcLleoQXmFYOQPcpgK26263UYczmvqArYyuq9j0J0=
github.com/gorilla/context v1.1.1 h1:AWwleXJkX/nhcU9bZSnZoi3h/qGYqQAGhq6zZe/aQW8=
github.com/gorilla/context v1.1.1/go.mod h1:kBGZzfjB9CEq2AlWe17Uuf7NDRt0dE0s8S51q0aT7Yg=
github.com/gorilla/mux v1.3.1-0.20170228224354-599cba5e7b61 h1:fgQcA2gW8X1dLTYeaO8N6d1UMxsHczPYRjITrFNjxhk=
github.com/gorilla/mux v1.3.1-0.20170228224354-599cba5e7b61/go.mod h1:1lud6UwP+6orDFRuTfBEV8e9/aOM/c4fVVCaMa2zaAs=
github.com/gorilla/websocket v1.1.1-0.20170319172727-a91eba7f9777 h1:2Wp9JIvcGxCnl0ju03V2uMMLBwP/NXsgc/U8qwb/rp8=
github.com/gorilla/websocket v1.1.1-0.20170319172727-a91eba7f9777/go.mod h1:E7qHFY5m1UJ88s3WnNqhKjPHQ0heANvMoAMk2YaljkQ=
github.com/konsorten/go-windows-terminal-sequences v1.0.3 h1:CE8S1cTafDpPvMhIxNJKvHsGVBgn1xWYf1NbHQhywc8=
github.com/konsorten/go-windows-terminal-sequences v1.0.3/go.mod h1:T0+1ngSBFLxvqU3pZ+m/2kptfBszLMUkC4ZK/EgS/cQ=
github.com/mash/go-accesslog v0.0.0-20151029030928-9ba8e13f3608 h1:wL/8tiGL5rdQt/6NS2E+arg3Vrz2u8qYJPA5nyNnaZk=
github.com/mash/go-accesslog v0.0.0-20151029030928-9ba8e13f3608/go.mod h1:5JLTyA+23fYz/BfD5Hn736mGEZopzWtEx1pdNfnTp8k=
github.com/ogier/pflag v0.0.2-0.20160129220114-45c278ab3607 h1:xZoOomu8/sOa+6Q469LrXeyq2YsmkhZo8wU6EzNWMDg=
github.com/ogier/pflag v0.0.2-0.20160129220114-45c278ab3607/go.mod h1:zkFki7tvTa0tafRvTBIZTvzYyAu6kQhPZFnshFFPE+g=
github.com/pkg/errors v0.8.1-0.20170316201538-ff09b135c25a h1:qM2DiE1qoJGUQDGyLz0SRU+JNSsSmHfSdC3MscqKQwg=
github.com/pkg/errors v0.8.1-0.20170316201538-ff09b135c25a/go.mod h1:bwawxfHBFNV+L2hUp1rHADufV3IMtnDRdf1r5NINEl0=
github.com/pmezard/go-difflib v1.0.0/go.mod h1:iKH77koFhYxTK1pcRnkKkqfTogsbg7gZNVY4sRDYZ/4=
github.com/satori/go.uuid v1.1.1-0.20160927100844-b061729afc07 h1:0OTA2rHAnTd0zaCoNmm7Mu0QYd5IoRIMfTILRPeu8mo=
github.com/satori/go.uuid v1.1.1-0.20160927100844-b061729afc07/go.mod h1:dA0hQrYB0VpLJoorglMZABFdXlWrHn1NEOzdhQKdks0=
github.com/shurcooL/httpfs v0.0.0-20161230030236-df3d5d88c596 h1:PrQr6T0eg1j4j7ozWySaCKfAsRT6wo97JRW+Thk87kA=
github.com/shurcooL/httpfs v0.0.0-20161230030236-df3d5d88c596/go.mod h1:ZY1cvUeJuFPAdZ/B6v7RHavJWZn2YPVFQ1OSXhCGOkg=
github.com/shurcooL/vfsgen v0.0.0-20170320185537-47fc2dca6b18 h1:pz5MHDTj9PKcLVSaMujmvdyrDO4ouUu1mj4Qpl3QPQs=
github.com/shurcooL/vfsgen v0.0.0-20170320185537-47fc2dca6b18/go.mod h1:TrYk7fJVaAttu97ZZKrO9UbRa8izdowaMIZcxYMbVaw=
github.com/sirupsen/logrus v1.6.0 h1:UBcNElsrwanuuMsnGSlYmtmgbb23qDR5dG+6X6Oo89I=
github.com/sirupsen/logrus v1.6.0/go.mod h1:7uNnSEd1DgxDLC74fIahvMZmmYsHGZGEOFrfsX/uA88=
github.com/stretchr/testify v1.2.2/go.mod h1:a8OnRcib4nhh0OaRAV+Yts87kKdq0PP7pXfy6kDkUVs=
golang.org/x/sys v0.0.0-20190422165155-953cdadca894 h1:Cz4ceDQGXuKRnVBDTS23GTn/pU5OE2C0WrNTOYK1Uuc=
golang.org/x/sys v0.0.0-20190422165155-953cdadca894/go.mod h1:h1NjWce9XRLGQEsW7wpKNCjG9DtNlClVuFLEZdDNbEs=
golang.org/x/tools v0.0.0-20170406185716-24acc66eabea h1:sT0fjJ8Yb5TBkUlDYdqPBJHqRvPDYNEHbFmmOBjrBos=
golang.org/x/tools v0.0.0-20170406185716-24acc66eabea/go.mod h1:n7NCudcB/nEzxVGmLbDWY5pfWTLqBcC2KZ6jyYvM4mQ=
